
Microsoft Visual Studio Solution File, Format Version 12.00
# Visual Studio Version 16
VisualStudioVersion = 16.0.31112.23
MinimumVisualStudioVersion = 10.0.40219.1
Project("{FAE04EC0-301F-11D3-BF4B-00C04F79EFBC}") = "MobileStoreMVC", "MobileStoreMVC\MobileStoreMVC.csproj", "{CA4A9BE7-038D-476F-AAAC-58AC34AEBAEB}"
EndProject
Global
	GlobalSection(SolutionConfigurationPlatforms) = preSolution
		Debug|Any CPU = Debug|Any CPU
		Release|Any CPU = Release|Any CPU
	EndGlobalSection
	GlobalSection(ProjectConfigurationPlatforms) = postSolution
		{CA4A9BE7-038D-476F-AAAC-58AC34AEBAEB}.Debug|Any CPU.ActiveCfg = Debug|Any CPU
		{CA4A9BE7-038D-476F-AAAC-58AC34AEBAEB}.Debug|Any CPU.Build.0 = Debug|Any CPU
		{CA4A9BE7-038D-476F-AAAC-58AC34AEBAEB}.Release|Any CPU.ActiveCfg = Release|Any CPU
		{CA4A9BE7-038D-476F-AAAC-58AC34AEBAEB}.Release|Any CPU.Build.0 = Release|Any CPU
	EndGlobalSection
	GlobalSection(SolutionProperties) = preSolution
		HideSolutionNode = FALSE
	EndGlobalSection
	GlobalSection(ExtensibilityGlobals) = postSolution
		SolutionGuid = {934AD04A-6F9C-425C-B4F3-CE5B3C2B3893}
	EndGlobalSection
EndGlobal
